// !$*UTF8*$!
{
	archiveVersion = 1;
	classes = {
	};
	objectVersion = 50;
	objects = {

/* Begin PBXBuildFile section */
		9AB4E3992570DE5B00C05E86 /* AppDelegate.swift in Sources */ = {isa = PBXBuildFile; fileRef = 9AB4E3982570DE5B00C05E86 /* AppDelegate.swift */; };
		9AB4E39B2570DE5B00C05E86 /* SceneDelegate.swift in Sources */ = {isa = PBXBuildFile; fileRef = 9AB4E39A2570DE5B00C05E86 /* SceneDelegate.swift */; };
		9AB4E39D2570DE5B00C05E86 /* ViewController.swift in Sources */ = {isa = PBXBuildFile; fileRef = 9AB4E39C2570DE5B00C05E86 /* ViewController.swift */; };
		9AB4E3A02570DE5B00C05E86 /* Main.storyboard in Resources */ = {isa = PBXBuildFile; fileRef = 9AB4E39E2570DE5B00C05E86 /* Main.storyboard */; };
		9AB4E3A22570DE6100C05E86 /* Assets.xcassets in Resources */ = {isa = PBXBuildFile; fileRef = 9AB4E3A12570DE6100C05E86 /* Assets.xcassets */; };
		9AB4E3A52570DE6100C05E86 /* LaunchScreen.storyboard in Resources */ = {isa = PBXBuildFile; fileRef = 9AB4E3A32570DE6100C05E86 /* LaunchScreen.storyboard */; };
/* End PBXBuildFile section */

/* Begin PBXFileReference section */
		9AB4E3952570DE5B00C05E86 /* Blind-Test.app */ = {isa = PBXFileReference; explicitFileType = wrapper.application; includeInIndex = 0; path = "Blind-Test.app"; sourceTree = BUILT_PRODUCTS_DIR; };
		9AB4E3982570DE5B00C05E86 /* AppDelegate.swift */ = {isa = PBXFileReference; lastKnownFileType = sourcecode.swift; path = AppDelegate.swift; sourceTree = "<group>"; };
		9AB4E39A2570DE5B00C05E86 /* SceneDelegate.swift */ = {isa = PBXFileReference; lastKnownFileType = sourcecode.swift; path = SceneDelegate.swift; sourceTree = "<group>"; };
		9AB4E39C2570DE5B00C05E86 /* ViewController.swift */ = {isa = PBXFileReference; lastKnownFileType = sourcecode.swift; path = ViewController.swift; sourceTree = "<group>"; };
		9AB4E39F2570DE5B00C05E86 /* Base */ = {isa = PBXFileReference; lastKnownFileType = file.storyboard; name = Base; path = Base.lproj/Main.storyboard; sourceTree = "<group>"; };
		9AB4E3A12570DE6100C05E86 /* Assets.xcassets */ = {isa = PBXFileReference; lastKnownFileType = folder.assetcatalog; path = Assets.xcassets; sourceTree = "<group>"; };
		9AB4E3A42570DE6100C05E86 /* Base */ = {isa = PBXFileReference; lastKnownFileType = file.storyboard; name = Base; path = Base.lproj/LaunchScreen.storyboard; sourceTree = "<group>"; };
		9AB4E3A62570DE6100C05E86 /* Info.plist */ = {isa = PBXFileReference; lastKnownFileType = text.plist.xml; path = Info.plist; sourceTree = "<group>"; };
/* End PBXFileReference section */

/* Begin PBXFrameworksBuildPhase section */
		9AB4E3922570DE5B00C05E86 /* Frameworks */ = {
			isa = PBXFrameworksBuildPhase;
			buildActionMask = 2147483647;
			files = (
			);
			runOnlyForDeploymentPostprocessing = 0;
		};
/* End PBXFrameworksBuildPhase section */

/* Begin PBXGroup section */
		9AB4E38C2570DE5B00C05E86 = {
			isa = PBXGroup;
			children = (
				9AB4E3972570DE5B00C05E86 /* Blind-Test */,
				9AB4E3962570DE5B00C05E86 /* Products */,
			);
			sourceTree = "<group>";
		};
		9AB4E3962570DE5B00C05E86 /* Products */ = {
			isa = PBXGroup;
			children = (
				9AB4E3952570DE5B00C05E86 /* Blind-Test.app */,
			);
			name = Products;
			sourceTree = "<group>";
		};
		9AB4E3972570DE5B00C05E86 /* Blind-Test */ = {
			isa = PBXGroup;
			children = (
				9AB4E3982570DE5B00C05E86 /* AppDelegate.swift */,
				9AB4E39A2570DE5B00C05E86 /* SceneDelegate.swift */,
				9AB4E39C2570DE5B00C05E86 /* ViewController.swift */,
				9AB4E39E2570DE5B00C05E86 /* Main.storyboard */,
				9AB4E3A12570DE6100C05E86 /* Assets.xcassets */,
				9AB4E3A32570DE6100C05E86 /* LaunchScreen.storyboard */,
				9AB4E3A62570DE6100C05E86 /* Info.plist */,
			);
			path = "Blind-Test";
			sourceTree = "<group>";
		};
/* End PBXGroup section */

/* Begin PBXNativeTarget section */
		9AB4E3942570DE5B00C05E86 /* Blind-Test */ = {
			isa = PBXNativeTarget;
			buildConfigurationList = 9AB4E3A92570DE6100C05E86 /* Build configuration list for PBXNativeTarget "Blind-Test" */;
			buildPhases = (
				9AB4E3912570DE5B00C05E86 /* Sources */,
				9AB4E3922570DE5B00C05E86 /* Frameworks */,
				9AB4E3932570DE5B00C05E86 /* Resources */,
			);
			buildRules = (
			);
			dependencies = (
			);
			name = "Blind-Test";
			productName = "Blind-Test";
			productReference = 9AB4E3952570DE5B00C05E86 /* Blind-Test.app */;
			productType = "com.apple.product-type.application";
		};
/* End PBXNativeTarget section */

/* Begin PBXProject section */
		9AB4E38D2570DE5B00C05E86 /* Project object */ = {
			isa = PBXProject;
			attributes = {
				LastSwiftUpdateCheck = 1130;
				LastUpgradeCheck = 1130;
				ORGANIZATIONNAME = Hugo;
				TargetAttributes = {
					9AB4E3942570DE5B00C05E86 = {
						CreatedOnToolsVersion = 11.3;
					};
				};
			};
			buildConfigurationList = 9AB4E3902570DE5B00C05E86 /* Build configuration list for PBXProject "Blind-Test" */;
			compatibilityVersion = "Xcode 9.3";
			developmentRegion = en;
			hasScannedForEncodings = 0;
			knownRegions = (
				en,
				Base,
			);
			mainGroup = 9AB4E38C2570DE5B00C05E86;
			productRefGroup = 9AB4E3962570DE5B00C05E86 /* Products */;
			projectDirPath = "";
			projectRoot = "";
			targets = (
				9AB4E3942570DE5B00C05E86 /* Blind-Test */,
			);
		};
/* End PBXProject section */

/* Begin PBXResourcesBuildPhase section */
		9AB4E3932570DE5B00C05E86 /* Resources */ = {
			isa = PBXResourcesBuildPhase;
			buildActionMask = 2147483647;
			files = (
				9AB4E3A52570DE6100C05E86 /* LaunchScreen.storyboard in Resources */,
				9AB4E3A22570DE6100C05E86 /* Assets.xcassets in Resources */,
				9AB4E3A02570DE5B00C05E86 /* Main.storyboard in Resources */,
			);
			runOnlyForDeploymentPostprocessing = 0;
		};
/* End PBXResourcesBuildPhase section */

/* Begin PBXSourcesBuildPhase section */
		9AB4E3912570DE5B00C05E86 /* Sources */ = {
			isa = PBXSourcesBuildPhase;
			buildActionMask = 2147483647;
			files = (
				9AB4E39D2570DE5B00C05E86 /* ViewController.swift in Sources */,
				9AB4E3992570DE5B00C05E86 /* AppDelegate.swift in Sources */,
				9AB4E39B2570DE5B00C05E86 /* SceneDelegate.swift in Sources */,
			);
			runOnlyForDeploymentPostprocessing = 0;
		};
/* End PBXSourcesBuildPhase section */

/* Begin PBXVariantGroup section */
		9AB4E39E2570DE5B00C05E86 /* Main.storyboard */ = {
			isa = PBXVariantGroup;
			children = (
				9AB4E39F2570DE5B00C05E86 /* Base */,
			);
			name = Main.storyboard;
			sourceTree = "<group>";
		};
		9AB4E3A32570DE6100C05E86 /* LaunchScreen.storyboard */ = {
			isa = PBXVariantGroup;
			children = (
				9AB4E3A42570DE6100C05E86 /* Base */,
			);
			name = LaunchScreen.storyboard;
			sourceTree = "<group>";
		};
/* End PBXVariantGroup section */

/* Begin XCBuildConfiguration section */
		9AB4E3A72570DE6100C05E86 /* Debug */ = {
			isa = XCBuildConfiguration;
			buildSettings = {
				ALWAYS_SEARCH_USER_PATHS = NO;
				CLANG_ANALYZER_NONNULL = YES;
				CLANG_ANALYZER_NUMBER_OBJECT_CONVERSION = YES_AGGRESSIVE;
				CLANG_CXX_LANGUAGE_STANDARD = "gnu++14";
				CLANG_CXX_LIBRARY = "libc++";
				CLANG_ENABLE_MODULES = YES;
				CLANG_ENABLE_OBJC_ARC = YES;
				CLANG_ENABLE_OBJC_WEAK = YES;
				CLANG_WARN_BLOCK_CAPTURE_AUTORELEASING = YES;
				CLANG_WARN_BOOL_CONVERSION = YES;
				CLANG_WARN_COMMA = YES;
				CLANG_WARN_CONSTANT_CONVERSION = YES;
				CLANG_WARN_DEPRECATED_OBJC_IMPLEMENTATIONS = YES;
				CLANG_WARN_DIRECT_OBJC_ISA_USAGE = YES_ERROR;
				CLANG_WARN_DOCUMENTATION_COMMENTS = YES;
				CLANG_WARN_EMPTY_BODY = YES;
				CLANG_WARN_ENUM_CONVERSION = YES;
				CLANG_WARN_INFINITE_RECURSION = YES;
				CLANG_WARN_INT_CONVERSION = YES;
				CLANG_WARN_NON_LITERAL_NULL_CONVERSION = YES;
				CLANG_WARN_OBJC_IMPLICIT_RETAIN_SELF = YES;
				CLANG_WARN_OBJC_LITERAL_CONVERSION = YES;
				CLANG_WARN_OBJC_ROOT_CLASS = YES_ERROR;
				CLANG_WARN_RANGE_LOOP_ANALYSIS = YES;
				CLANG_WARN_STRICT_PROTOTYPES = YES;
				CLANG_WARN_SUSPICIOUS_MOVE = YES;
				CLANG_WARN_UNGUARDED_AVAILABILITY = YES_AGGRESSIVE;
				CLANG_WARN_UNREACHABLE_CODE = YES;
				CLANG_WARN__DUPLICATE_METHOD_MATCH = YES;
				COPY_PHASE_STRIP = NO;
				DEBUG_INFORMATION_FORMAT = dwarf;
				ENABLE_STRICT_OBJC_MSGSEND = YES;
				ENABLE_TESTABILITY = YES;
				GCC_C_LANGUAGE_STANDARD = gnu11;
				GCC_DYNAMIC_NO_PIC = NO;
				GCC_NO_COMMON_BLOCKS = YES;
				GCC_OPTIMIZATION_LEVEL = 0;
				GCC_PREPROCESSOR_DEFINITIONS = (
					"DEBUG=1",
					"$(inherited)",
				);
				GCC_WARN_64_TO_32_BIT_CONVERSION = YES;
				GCC_WARN_ABOUT_RETURN_TYPE = YES_ERROR;
				GCC_WARN_UNDECLARED_SELECTOR = YES;
				GCC_WARN_UNINITIALIZED_AUTOS = YES_AGGRESSIVE;
				GCC_WARN_UNUSED_FUNCTION = YES;
				GCC_WARN_UNUSED_VARIABLE = YES;
				IPHONEOS_DEPLOYMENT_TARGET = 13.2;
				MTL_ENABLE_DEBUG_INFO = INCLUDE_SOURCE;
				MTL_FAST_MATH = YES;
				ONLY_ACTIVE_ARCH = YES;
				SDKROOT = iphoneos;
				SWIFT_ACTIVE_COMPILATION_CONDITIONS = DEBUG;
				SWIFT_OPTIMIZATION_LEVEL = "-Onone";
			};
			name = Debug;
		};
		9AB4E3A82570DE6100C05E86 /* Release */ = {
			isa = XCBuildConfiguration;
			buildSettings = {
				ALWAYS_SEARCH_USER_PATHS = NO;
				CLANG_ANALYZER_NONNULL = YES;
				CLANG_ANALYZER_NUMBER_OBJECT_CONVERSION = YES_AGGRESSIVE;
				CLANG_CXX_LANGUAGE_STANDARD = "gnu++14";
				CLANG_CXX_LIBRARY = "libc++";
				CLANG_ENABLE_MODULES = YES;
				CLANG_ENABLE_OBJC_ARC = YES;
				CLANG_ENABLE_OBJC_WEAK = YES;
				CLANG_WARN_BLOCK_CAPTURE_AUTORELEASING = YES;
				CLANG_WARN_BOOL_CONVERSION = YES;
				CLANG_WARN_COMMA = YES;
				CLANG_WARN_CONSTANT_CONVERSION = YES;
				CLANG_WARN_DEPRECATED_OBJC_IMPLEMENTATIONS = YES;
				CLANG_WARN_DIRECT_OBJC_ISA_USAGE = YES_ERROR;
				CLANG_WARN_DOCUMENTATION_COMMENTS = YES;
				CLANG_WARN_EMPTY_BODY = YES;
				CLANG_WARN_ENUM_CONVERSION = YES;
				CLANG_WARN_INFINITE_RECURSION = YES;
				CLANG_WARN_INT_CONVERSION = YES;
				CLANG_WARN_NON_LITERAL_NULL_CONVERSION = YES;
				CLANG_WARN_OBJC_IMPLICIT_RETAIN_SELF = YES;
				CLANG_WARN_OBJC_LITERAL_CONVERSION = YES;
				CLANG_WARN_OBJC_ROOT_CLASS = YES_ERROR;
				CLANG_WARN_RANGE_LOOP_ANALYSIS = YES;
				CLANG_WARN_STRICT_PROTOTYPES = YES;
				CLANG_WARN_SUSPICIOUS_MOVE = YES;
				CLANG_WARN_UNGUARDED_AVAILABILITY = YES_AGGRESSIVE;
				CLANG_WARN_UNREACHABLE_CODE = YES;
				CLANG_WARN__DUPLICATE_METHOD_MATCH = YES;
				COPY_PHASE_STRIP = NO;
				DEBUG_INFORMATION_FORMAT = "dwarf-with-dsym";
				ENABLE_NS_ASSERTIONS = NO;
				ENABLE_STRICT_OBJC_MSGSEND = YES;
				GCC_C_LANGUAGE_STANDARD = gnu11;
				GCC_NO_COMMON_BLOCKS = YES;
				GCC_WARN_64_TO_32_BIT_CONVERSION = YES;
				GCC_WARN_ABOUT_RETURN_TYPE = YES_ERROR;
				GCC_WARN_UNDECLARED_SELECTOR = YES;
				GCC_WARN_UNINITIALIZED_AUTOS = YES_AGGRESSIVE;
				GCC_WARN_UNUSED_FUNCTION = YES;
				GCC_WARN_UNUSED_VARIABLE = YES;
				IPHONEOS_DEPLOYMENT_TARGET = 13.2;
				MTL_ENABLE_DEBUG_INFO = NO;
				MTL_FAST_MATH = YES;
				SDKROOT = iphoneos;
				SWIFT_COMPILATION_MODE = wholemodule;
				SWIFT_OPTIMIZATION_LEVEL = "-O";
				VALIDATE_PRODUCT = YES;
			};
			name = Release;
		};
		9AB4E3AA2570DE6100C05E86 /* Debug */ = {
			isa = XCBuildConfiguration;
			buildSettings = {
				ASSETCATALOG_COMPILER_APPICON_NAME = AppIcon;
				CODE_SIGN_STYLE = Automatic;
				INFOPLIST_FILE = "Blind-Test/Info.plist";
				LD_RUNPATH_SEARCH_PATHS = (
					"$(inherited)",
					"@executable_path/Frameworks",
				);
				PRODUCT_BUNDLE_IDENTIFIER = "hugo.Blind-Test";
				PRODUCT_NAME = "$(TARGET_NAME)";
				SWIFT_VERSION = 5.0;
				TARGETED_DEVICE_FAMILY = "1,2";
			};
			name = Debug;
		};
		9AB4E3AB2570DE6100C05E86 /* Release */ = {
			isa = XCBuildConfiguration;
			buildSettings = {
				ASSETCATALOG_COMPILER_APPICON_NAME = AppIcon;
				CODE_SIGN_STYLE = Automatic;
				INFOPLIST_FILE = "Blind-Test/Info.plist";
				LD_RUNPATH_SEARCH_PATHS = (
					"$(inherited)",
					"@executable_path/Frameworks",
				);
				PRODUCT_BUNDLE_IDENTIFIER = "hugo.Blind-Test";
				PRODUCT_NAME = "$(TARGET_NAME)";
				SWIFT_VERSION = 5.0;
				TARGETED_DEVICE_FAMILY = "1,2";
			};
			name = Release;
		};
/* End XCBuildConfiguration section */

/* Begin XCConfigurationList section */
		9AB4E3902570DE5B00C05E86 /* Build configuration list for PBXProject "Blind-Test" */ = {
			isa = XCConfigurationList;
			buildConfigurations = (
				9AB4E3A72570DE6100C05E86 /* Debug */,
				9AB4E3A82570DE6100C05E86 /* Release */,
			);
			defaultConfigurationIsVisible = 0;
			defaultConfigurationName = Release;
		};
		9AB4E3A92570DE6100C05E86 /* Build configuration list for PBXNativeTarget "Blind-Test" */ = {
			isa = XCConfigurationList;
			buildConfigurations = (
				9AB4E3AA2570DE6100C05E86 /* Debug */,
				9AB4E3AB2570DE6100C05E86 /* Release */,
			);
			defaultConfigurationIsVisible = 0;
			defaultConfigurationName = Release;
		};
/* End XCConfigurationList section */
	};
	rootObject = 9AB4E38D2570DE5B00C05E86 /* Project object */;
}
