// !$*UTF8*$!
{
	archiveVersion = 1;
	classes = {
	};
	objectVersion = 48;
	objects = {

/* Begin PBXBuildFile section */
		8390CC22257E32B7003AD511 /* AppDelegate.swift in Sources */ = {isa = PBXBuildFile; fileRef = 8390CC21257E32B7003AD511 /* AppDelegate.swift */; };
		8390CC24257E32B7003AD511 /* ViewController.swift in Sources */ = {isa = PBXBuildFile; fileRef = 8390CC23257E32B7003AD511 /* ViewController.swift */; };
		8390CC27257E32B7003AD511 /* Main.storyboard in Resources */ = {isa = PBXBuildFile; fileRef = 8390CC25257E32B7003AD511 /* Main.storyboard */; };
		8390CC29257E32B7003AD511 /* Assets.xcassets in Resources */ = {isa = PBXBuildFile; fileRef = 8390CC28257E32B7003AD511 /* Assets.xcassets */; };
		8390CC2C257E32B7003AD511 /* LaunchScreen.storyboard in Resources */ = {isa = PBXBuildFile; fileRef = 8390CC2A257E32B7003AD511 /* LaunchScreen.storyboard */; };
		8390CC37257E32B7003AD511 /* Blind_TestTests.swift in Sources */ = {isa = PBXBuildFile; fileRef = 8390CC36257E32B7003AD511 /* Blind_TestTests.swift */; };
		8390CC42257E32B7003AD511 /* Blind_TestUITests.swift in Sources */ = {isa = PBXBuildFile; fileRef = 8390CC41257E32B7003AD511 /* Blind_TestUITests.swift */; };
		83AE92EB2580D1880024E14B /* ResultatViewController.swift in Sources */ = {isa = PBXBuildFile; fileRef = 83AE92EA2580D1880024E14B /* ResultatViewController.swift */; };
		83F82A87257E6A67000F7972 /* Cats on Trees, Calogero - Jimmy.mp3 in Resources */ = {isa = PBXBuildFile; fileRef = 83F82A83257E6A66000F7972 /* Cats on Trees, Calogero - Jimmy.mp3 */; };
		83F82A88257E6A67000F7972 /* B.o.B ft. Hayley Williams - Airplanes.mp3 in Resources */ = {isa = PBXBuildFile; fileRef = 83F82A84257E6A66000F7972 /* B.o.B ft. Hayley Williams - Airplanes.mp3 */; };
		83F82A89257E6A67000F7972 /* Claudio Capeo -  Un homme debout.mp3 in Resources */ = {isa = PBXBuildFile; fileRef = 83F82A85257E6A66000F7972 /* Claudio Capeo -  Un homme debout.mp3 */; };
		83F82A8A257E6A67000F7972 /* Taylor Swift - Shake It Off.mp3 in Resources */ = {isa = PBXBuildFile; fileRef = 83F82A86257E6A67000F7972 /* Taylor Swift - Shake It Off.mp3 */; };
		83F82A8C257E6A71000F7972 /* Patrick Sébastien - Les sardines.mp3 in Resources */ = {isa = PBXBuildFile; fileRef = 83F82A8B257E6A71000F7972 /* Patrick Sébastien - Les sardines.mp3 */; };
		E39FA520257E46B900A3AAD2 /* MusiqueQuestionViewController.swift in Sources */ = {isa = PBXBuildFile; fileRef = E39FA51F257E46B900A3AAD2 /* MusiqueQuestionViewController.swift */; };
		E39FA526257E46C600A3AAD2 /* Coldplay - A Sky Full Of Stars.mp3 in Resources */ = {isa = PBXBuildFile; fileRef = E39FA525257E46C600A3AAD2 /* Coldplay - A Sky Full Of Stars.mp3 */; };
		E39FA52B257E46D700A3AAD2 /* MusiqueViewController.swift in Sources */ = {isa = PBXBuildFile; fileRef = E39FA52A257E46D700A3AAD2 /* MusiqueViewController.swift */; };
		E39FA530257E46DD00A3AAD2 /* ParamsViewController.swift in Sources */ = {isa = PBXBuildFile; fileRef = E39FA52F257E46DD00A3AAD2 /* ParamsViewController.swift */; };
/* End PBXBuildFile section */

/* Begin PBXContainerItemProxy section */
		8390CC33257E32B7003AD511 /* PBXContainerItemProxy */ = {
			isa = PBXContainerItemProxy;
			containerPortal = 8390CC16257E32B7003AD511 /* Project object */;
			proxyType = 1;
			remoteGlobalIDString = 8390CC1D257E32B7003AD511;
			remoteInfo = Blind_Test;
		};
		8390CC3E257E32B7003AD511 /* PBXContainerItemProxy */ = {
			isa = PBXContainerItemProxy;
			containerPortal = 8390CC16257E32B7003AD511 /* Project object */;
			proxyType = 1;
			remoteGlobalIDString = 8390CC1D257E32B7003AD511;
			remoteInfo = Blind_Test;
		};
/* End PBXContainerItemProxy section */

/* Begin PBXFileReference section */
		8390CC1E257E32B7003AD511 /* Blind_Test.app */ = {isa = PBXFileReference; explicitFileType = wrapper.application; includeInIndex = 0; path = Blind_Test.app; sourceTree = BUILT_PRODUCTS_DIR; };
		8390CC21257E32B7003AD511 /* AppDelegate.swift */ = {isa = PBXFileReference; lastKnownFileType = sourcecode.swift; path = AppDelegate.swift; sourceTree = "<group>"; };
		8390CC23257E32B7003AD511 /* ViewController.swift */ = {isa = PBXFileReference; lastKnownFileType = sourcecode.swift; path = ViewController.swift; sourceTree = "<group>"; };
		8390CC26257E32B7003AD511 /* Base */ = {isa = PBXFileReference; lastKnownFileType = file.storyboard; name = Base; path = Base.lproj/Main.storyboard; sourceTree = "<group>"; };
		8390CC28257E32B7003AD511 /* Assets.xcassets */ = {isa = PBXFileReference; lastKnownFileType = folder.assetcatalog; path = Assets.xcassets; sourceTree = "<group>"; };
		8390CC2B257E32B7003AD511 /* Base */ = {isa = PBXFileReference; lastKnownFileType = file.storyboard; name = Base; path = Base.lproj/LaunchScreen.storyboard; sourceTree = "<group>"; };
		8390CC2D257E32B7003AD511 /* Info.plist */ = {isa = PBXFileReference; lastKnownFileType = text.plist.xml; path = Info.plist; sourceTree = "<group>"; };
		8390CC32257E32B7003AD511 /* Blind_TestTests.xctest */ = {isa = PBXFileReference; explicitFileType = wrapper.cfbundle; includeInIndex = 0; path = Blind_TestTests.xctest; sourceTree = BUILT_PRODUCTS_DIR; };
		8390CC36257E32B7003AD511 /* Blind_TestTests.swift */ = {isa = PBXFileReference; lastKnownFileType = sourcecode.swift; path = Blind_TestTests.swift; sourceTree = "<group>"; };
		8390CC38257E32B7003AD511 /* Info.plist */ = {isa = PBXFileReference; lastKnownFileType = text.plist.xml; path = Info.plist; sourceTree = "<group>"; };
		8390CC3D257E32B7003AD511 /* Blind_TestUITests.xctest */ = {isa = PBXFileReference; explicitFileType = wrapper.cfbundle; includeInIndex = 0; path = Blind_TestUITests.xctest; sourceTree = BUILT_PRODUCTS_DIR; };
		8390CC41257E32B7003AD511 /* Blind_TestUITests.swift */ = {isa = PBXFileReference; lastKnownFileType = sourcecode.swift; path = Blind_TestUITests.swift; sourceTree = "<group>"; };
		8390CC43257E32B7003AD511 /* Info.plist */ = {isa = PBXFileReference; lastKnownFileType = text.plist.xml; path = Info.plist; sourceTree = "<group>"; };
		83AE92EA2580D1880024E14B /* ResultatViewController.swift */ = {isa = PBXFileReference; lastKnownFileType = sourcecode.swift; path = ResultatViewController.swift; sourceTree = "<group>"; };
		83F82A83257E6A66000F7972 /* Cats on Trees, Calogero - Jimmy.mp3 */ = {isa = PBXFileReference; lastKnownFileType = audio.mp3; path = "Cats on Trees, Calogero - Jimmy.mp3"; sourceTree = "<group>"; };
		83F82A84257E6A66000F7972 /* B.o.B ft. Hayley Williams - Airplanes.mp3 */ = {isa = PBXFileReference; lastKnownFileType = audio.mp3; path = "B.o.B ft. Hayley Williams - Airplanes.mp3"; sourceTree = "<group>"; };
		83F82A85257E6A66000F7972 /* Claudio Capeo -  Un homme debout.mp3 */ = {isa = PBXFileReference; lastKnownFileType = audio.mp3; path = "Claudio Capeo -  Un homme debout.mp3"; sourceTree = "<group>"; };
		83F82A86257E6A67000F7972 /* Taylor Swift - Shake It Off.mp3 */ = {isa = PBXFileReference; lastKnownFileType = audio.mp3; path = "Taylor Swift - Shake It Off.mp3"; sourceTree = "<group>"; };
		83F82A8B257E6A71000F7972 /* Patrick Sébastien - Les sardines.mp3 */ = {isa = PBXFileReference; lastKnownFileType = audio.mp3; path = "Patrick Sébastien - Les sardines.mp3"; sourceTree = "<group>"; };
		E39FA51F257E46B900A3AAD2 /* MusiqueQuestionViewController.swift */ = {isa = PBXFileReference; fileEncoding = 4; lastKnownFileType = sourcecode.swift; path = MusiqueQuestionViewController.swift; sourceTree = "<group>"; };
		E39FA525257E46C600A3AAD2 /* Coldplay - A Sky Full Of Stars.mp3 */ = {isa = PBXFileReference; lastKnownFileType = audio.mp3; path = "Coldplay - A Sky Full Of Stars.mp3"; sourceTree = "<group>"; };
		E39FA52A257E46D700A3AAD2 /* MusiqueViewController.swift */ = {isa = PBXFileReference; fileEncoding = 4; lastKnownFileType = sourcecode.swift; path = MusiqueViewController.swift; sourceTree = "<group>"; };
		E39FA52F257E46DD00A3AAD2 /* ParamsViewController.swift */ = {isa = PBXFileReference; fileEncoding = 4; lastKnownFileType = sourcecode.swift; path = ParamsViewController.swift; sourceTree = "<group>"; };
/* End PBXFileReference section */

/* Begin PBXFrameworksBuildPhase section */
		8390CC1B257E32B7003AD511 /* Frameworks */ = {
			isa = PBXFrameworksBuildPhase;
			buildActionMask = 2147483647;
			files = (
			);
			runOnlyForDeploymentPostprocessing = 0;
		};
		8390CC2F257E32B7003AD511 /* Frameworks */ = {
			isa = PBXFrameworksBuildPhase;
			buildActionMask = 2147483647;
			files = (
			);
			runOnlyForDeploymentPostprocessing = 0;
		};
		8390CC3A257E32B7003AD511 /* Frameworks */ = {
			isa = PBXFrameworksBuildPhase;
			buildActionMask = 2147483647;
			files = (
			);
			runOnlyForDeploymentPostprocessing = 0;
		};
/* End PBXFrameworksBuildPhase section */

/* Begin PBXGroup section */
		8390CC15257E32B7003AD511 = {
			isa = PBXGroup;
			children = (
				8390CC20257E32B7003AD511 /* Blind_Test */,
				8390CC35257E32B7003AD511 /* Blind_TestTests */,
				8390CC40257E32B7003AD511 /* Blind_TestUITests */,
				8390CC1F257E32B7003AD511 /* Products */,
			);
			sourceTree = "<group>";
		};
		8390CC1F257E32B7003AD511 /* Products */ = {
			isa = PBXGroup;
			children = (
				8390CC1E257E32B7003AD511 /* Blind_Test.app */,
				8390CC32257E32B7003AD511 /* Blind_TestTests.xctest */,
				8390CC3D257E32B7003AD511 /* Blind_TestUITests.xctest */,
			);
			name = Products;
			sourceTree = "<group>";
		};
		8390CC20257E32B7003AD511 /* Blind_Test */ = {
			isa = PBXGroup;
			children = (
				8390CC21257E32B7003AD511 /* AppDelegate.swift */,
				8390CC23257E32B7003AD511 /* ViewController.swift */,
				8390CC25257E32B7003AD511 /* Main.storyboard */,
				8390CC28257E32B7003AD511 /* Assets.xcassets */,
				8390CC2A257E32B7003AD511 /* LaunchScreen.storyboard */,
				8390CC2D257E32B7003AD511 /* Info.plist */,
				E39FA52A257E46D700A3AAD2 /* MusiqueViewController.swift */,
				E39FA52F257E46DD00A3AAD2 /* ParamsViewController.swift */,
				E39FA51F257E46B900A3AAD2 /* MusiqueQuestionViewController.swift */,
				83AE92EA2580D1880024E14B /* ResultatViewController.swift */,
				E39FA524257E46C600A3AAD2 /* Musiques */,
			);
			path = Blind_Test;
			sourceTree = "<group>";
		};
		8390CC35257E32B7003AD511 /* Blind_TestTests */ = {
			isa = PBXGroup;
			children = (
				8390CC36257E32B7003AD511 /* Blind_TestTests.swift */,
				8390CC38257E32B7003AD511 /* Info.plist */,
			);
			path = Blind_TestTests;
			sourceTree = "<group>";
		};
		8390CC40257E32B7003AD511 /* Blind_TestUITests */ = {
			isa = PBXGroup;
			children = (
				8390CC41257E32B7003AD511 /* Blind_TestUITests.swift */,
				8390CC43257E32B7003AD511 /* Info.plist */,
			);
			path = Blind_TestUITests;
			sourceTree = "<group>";
		};
		E39FA524257E46C600A3AAD2 /* Musiques */ = {
			isa = PBXGroup;
			children = (
				83F82A84257E6A66000F7972 /* B.o.B ft. Hayley Williams - Airplanes.mp3 */,
				83F82A83257E6A66000F7972 /* Cats on Trees, Calogero - Jimmy.mp3 */,
				83F82A85257E6A66000F7972 /* Claudio Capeo -  Un homme debout.mp3 */,
				83F82A8B257E6A71000F7972 /* Patrick Sébastien - Les sardines.mp3 */,
				83F82A86257E6A67000F7972 /* Taylor Swift - Shake It Off.mp3 */,
				E39FA525257E46C600A3AAD2 /* Coldplay - A Sky Full Of Stars.mp3 */,
			);
			path = Musiques;
			sourceTree = "<group>";
		};
/* End PBXGroup section */

/* Begin PBXNativeTarget section */
		8390CC1D257E32B7003AD511 /* Blind_Test */ = {
			isa = PBXNativeTarget;
			buildConfigurationList = 8390CC46257E32B7003AD511 /* Build configuration list for PBXNativeTarget "Blind_Test" */;
			buildPhases = (
				8390CC1A257E32B7003AD511 /* Sources */,
				8390CC1B257E32B7003AD511 /* Frameworks */,
				8390CC1C257E32B7003AD511 /* Resources */,
			);
			buildRules = (
			);
			dependencies = (
			);
			name = Blind_Test;
			productName = Blind_Test;
			productReference = 8390CC1E257E32B7003AD511 /* Blind_Test.app */;
			productType = "com.apple.product-type.application";
		};
		8390CC31257E32B7003AD511 /* Blind_TestTests */ = {
			isa = PBXNativeTarget;
			buildConfigurationList = 8390CC49257E32B7003AD511 /* Build configuration list for PBXNativeTarget "Blind_TestTests" */;
			buildPhases = (
				8390CC2E257E32B7003AD511 /* Sources */,
				8390CC2F257E32B7003AD511 /* Frameworks */,
				8390CC30257E32B7003AD511 /* Resources */,
			);
			buildRules = (
			);
			dependencies = (
				8390CC34257E32B7003AD511 /* PBXTargetDependency */,
			);
			name = Blind_TestTests;
			productName = Blind_TestTests;
			productReference = 8390CC32257E32B7003AD511 /* Blind_TestTests.xctest */;
			productType = "com.apple.product-type.bundle.unit-test";
		};
		8390CC3C257E32B7003AD511 /* Blind_TestUITests */ = {
			isa = PBXNativeTarget;
			buildConfigurationList = 8390CC4C257E32B7003AD511 /* Build configuration list for PBXNativeTarget "Blind_TestUITests" */;
			buildPhases = (
				8390CC39257E32B7003AD511 /* Sources */,
				8390CC3A257E32B7003AD511 /* Frameworks */,
				8390CC3B257E32B7003AD511 /* Resources */,
			);
			buildRules = (
			);
			dependencies = (
				8390CC3F257E32B7003AD511 /* PBXTargetDependency */,
			);
			name = Blind_TestUITests;
			productName = Blind_TestUITests;
			productReference = 8390CC3D257E32B7003AD511 /* Blind_TestUITests.xctest */;
			productType = "com.apple.product-type.bundle.ui-testing";
		};
/* End PBXNativeTarget section */

/* Begin PBXProject section */
		8390CC16257E32B7003AD511 /* Project object */ = {
			isa = PBXProject;
			attributes = {
				LastSwiftUpdateCheck = 0920;
				LastUpgradeCheck = 0920;
				ORGANIZATIONNAME = Hugo;
				TargetAttributes = {
					8390CC1D257E32B7003AD511 = {
						CreatedOnToolsVersion = 9.2;
						ProvisioningStyle = Automatic;
					};
					8390CC31257E32B7003AD511 = {
						CreatedOnToolsVersion = 9.2;
						ProvisioningStyle = Automatic;
						TestTargetID = 8390CC1D257E32B7003AD511;
					};
					8390CC3C257E32B7003AD511 = {
						CreatedOnToolsVersion = 9.2;
						ProvisioningStyle = Automatic;
						TestTargetID = 8390CC1D257E32B7003AD511;
					};
				};
			};
			buildConfigurationList = 8390CC19257E32B7003AD511 /* Build configuration list for PBXProject "Blind_Test" */;
			compatibilityVersion = "Xcode 8.0";
			developmentRegion = en;
			hasScannedForEncodings = 0;
			knownRegions = (
				en,
				Base,
			);
			mainGroup = 8390CC15257E32B7003AD511;
			productRefGroup = 8390CC1F257E32B7003AD511 /* Products */;
			projectDirPath = "";
			projectRoot = "";
			targets = (
				8390CC1D257E32B7003AD511 /* Blind_Test */,
				8390CC31257E32B7003AD511 /* Blind_TestTests */,
				8390CC3C257E32B7003AD511 /* Blind_TestUITests */,
			);
		};
/* End PBXProject section */

/* Begin PBXResourcesBuildPhase section */
		8390CC1C257E32B7003AD511 /* Resources */ = {
			isa = PBXResourcesBuildPhase;
			buildActionMask = 2147483647;
			files = (
				83F82A89257E6A67000F7972 /* Claudio Capeo -  Un homme debout.mp3 in Resources */,
				83F82A88257E6A67000F7972 /* B.o.B ft. Hayley Williams - Airplanes.mp3 in Resources */,
				8390CC2C257E32B7003AD511 /* LaunchScreen.storyboard in Resources */,
				8390CC29257E32B7003AD511 /* Assets.xcassets in Resources */,
				E39FA526257E46C600A3AAD2 /* Coldplay - A Sky Full Of Stars.mp3 in Resources */,
				83F82A87257E6A67000F7972 /* Cats on Trees, Calogero - Jimmy.mp3 in Resources */,
				83F82A8A257E6A67000F7972 /* Taylor Swift - Shake It Off.mp3 in Resources */,
				83F82A8C257E6A71000F7972 /* Patrick Sébastien - Les sardines.mp3 in Resources */,
				8390CC27257E32B7003AD511 /* Main.storyboard in Resources */,
			);
			runOnlyForDeploymentPostprocessing = 0;
		};
		8390CC30257E32B7003AD511 /* Resources */ = {
			isa = PBXResourcesBuildPhase;
			buildActionMask = 2147483647;
			files = (
			);
			runOnlyForDeploymentPostprocessing = 0;
		};
		8390CC3B257E32B7003AD511 /* Resources */ = {
			isa = PBXResourcesBuildPhase;
			buildActionMask = 2147483647;
			files = (
			);
			runOnlyForDeploymentPostprocessing = 0;
		};
/* End PBXResourcesBuildPhase section */

/* Begin PBXSourcesBuildPhase section */
		8390CC1A257E32B7003AD511 /* Sources */ = {
			isa = PBXSourcesBuildPhase;
			buildActionMask = 2147483647;
			files = (
				83AE92EB2580D1880024E14B /* ResultatViewController.swift in Sources */,
				8390CC24257E32B7003AD511 /* ViewController.swift in Sources */,
				8390CC22257E32B7003AD511 /* AppDelegate.swift in Sources */,
				E39FA530257E46DD00A3AAD2 /* ParamsViewController.swift in Sources */,
				E39FA52B257E46D700A3AAD2 /* MusiqueViewController.swift in Sources */,
				E39FA520257E46B900A3AAD2 /* MusiqueQuestionViewController.swift in Sources */,
			);
			runOnlyForDeploymentPostprocessing = 0;
		};
		8390CC2E257E32B7003AD511 /* Sources */ = {
			isa = PBXSourcesBuildPhase;
			buildActionMask = 2147483647;
			files = (
				8390CC37257E32B7003AD511 /* Blind_TestTests.swift in Sources */,
			);
			runOnlyForDeploymentPostprocessing = 0;
		};
		8390CC39257E32B7003AD511 /* Sources */ = {
			isa = PBXSourcesBuildPhase;
			buildActionMask = 2147483647;
			files = (
				8390CC42257E32B7003AD511 /* Blind_TestUITests.swift in Sources */,
			);
			runOnlyForDeploymentPostprocessing = 0;
		};
/* End PBXSourcesBuildPhase section */

/* Begin PBXTargetDependency section */
		8390CC34257E32B7003AD511 /* PBXTargetDependency */ = {
			isa = PBXTargetDependency;
			target = 8390CC1D257E32B7003AD511 /* Blind_Test */;
			targetProxy = 8390CC33257E32B7003AD511 /* PBXContainerItemProxy */;
		};
		8390CC3F257E32B7003AD511 /* PBXTargetDependency */ = {
			isa = PBXTargetDependency;
			target = 8390CC1D257E32B7003AD511 /* Blind_Test */;
			targetProxy = 8390CC3E257E32B7003AD511 /* PBXContainerItemProxy */;
		};
/* End PBXTargetDependency section */

/* Begin PBXVariantGroup section */
		8390CC25257E32B7003AD511 /* Main.storyboard */ = {
			isa = PBXVariantGroup;
			children = (
				8390CC26257E32B7003AD511 /* Base */,
			);
			name = Main.storyboard;
			sourceTree = "<group>";
		};
		8390CC2A257E32B7003AD511 /* LaunchScreen.storyboard */ = {
			isa = PBXVariantGroup;
			children = (
				8390CC2B257E32B7003AD511 /* Base */,
			);
			name = LaunchScreen.storyboard;
			sourceTree = "<group>";
		};
/* End PBXVariantGroup section */

/* Begin XCBuildConfiguration section */
		8390CC44257E32B7003AD511 /* Debug */ = {
			isa = XCBuildConfiguration;
			buildSettings = {
				ALWAYS_SEARCH_USER_PATHS = NO;
				CLANG_ANALYZER_NONNULL = YES;
				CLANG_ANALYZER_NUMBER_OBJECT_CONVERSION = YES_AGGRESSIVE;
				CLANG_CXX_LANGUAGE_STANDARD = "gnu++14";
				CLANG_CXX_LIBRARY = "libc++";
				CLANG_ENABLE_MODULES = YES;
				CLANG_ENABLE_OBJC_ARC = YES;
				CLANG_WARN_BLOCK_CAPTURE_AUTORELEASING = YES;
				CLANG_WARN_BOOL_CONVERSION = YES;
				CLANG_WARN_COMMA = YES;
				CLANG_WARN_CONSTANT_CONVERSION = YES;
				CLANG_WARN_DIRECT_OBJC_ISA_USAGE = YES_ERROR;
				CLANG_WARN_DOCUMENTATION_COMMENTS = YES;
				CLANG_WARN_EMPTY_BODY = YES;
				CLANG_WARN_ENUM_CONVERSION = YES;
				CLANG_WARN_INFINITE_RECURSION = YES;
				CLANG_WARN_INT_CONVERSION = YES;
				CLANG_WARN_NON_LITERAL_NULL_CONVERSION = YES;
				CLANG_WARN_OBJC_LITERAL_CONVERSION = YES;
				CLANG_WARN_OBJC_ROOT_CLASS = YES_ERROR;
				CLANG_WARN_RANGE_LOOP_ANALYSIS = YES;
				CLANG_WARN_STRICT_PROTOTYPES = YES;
				CLANG_WARN_SUSPICIOUS_MOVE = YES;
				CLANG_WARN_UNGUARDED_AVAILABILITY = YES_AGGRESSIVE;
				CLANG_WARN_UNREACHABLE_CODE = YES;
				CLANG_WARN__DUPLICATE_METHOD_MATCH = YES;
				CODE_SIGN_IDENTITY = "iPhone Developer";
				COPY_PHASE_STRIP = NO;
				DEBUG_INFORMATION_FORMAT = dwarf;
				ENABLE_STRICT_OBJC_MSGSEND = YES;
				ENABLE_TESTABILITY = YES;
				GCC_C_LANGUAGE_STANDARD = gnu11;
				GCC_DYNAMIC_NO_PIC = NO;
				GCC_NO_COMMON_BLOCKS = YES;
				GCC_OPTIMIZATION_LEVEL = 0;
				GCC_PREPROCESSOR_DEFINITIONS = (
					"DEBUG=1",
					"$(inherited)",
				);
				GCC_WARN_64_TO_32_BIT_CONVERSION = YES;
				GCC_WARN_ABOUT_RETURN_TYPE = YES_ERROR;
				GCC_WARN_UNDECLARED_SELECTOR = YES;
				GCC_WARN_UNINITIALIZED_AUTOS = YES_AGGRESSIVE;
				GCC_WARN_UNUSED_FUNCTION = YES;
				GCC_WARN_UNUSED_VARIABLE = YES;
				IPHONEOS_DEPLOYMENT_TARGET = 11.2;
				MTL_ENABLE_DEBUG_INFO = YES;
				ONLY_ACTIVE_ARCH = YES;
				SDKROOT = iphoneos;
				SWIFT_ACTIVE_COMPILATION_CONDITIONS = DEBUG;
				SWIFT_OPTIMIZATION_LEVEL = "-Onone";
			};
			name = Debug;
		};
		8390CC45257E32B7003AD511 /* Release */ = {
			isa = XCBuildConfiguration;
			buildSettings = {
				ALWAYS_SEARCH_USER_PATHS = NO;
				CLANG_ANALYZER_NONNULL = YES;
				CLANG_ANALYZER_NUMBER_OBJECT_CONVERSION = YES_AGGRESSIVE;
				CLANG_CXX_LANGUAGE_STANDARD = "gnu++14";
				CLANG_CXX_LIBRARY = "libc++";
				CLANG_ENABLE_MODULES = YES;
				CLANG_ENABLE_OBJC_ARC = YES;
				CLANG_WARN_BLOCK_CAPTURE_AUTORELEASING = YES;
				CLANG_WARN_BOOL_CONVERSION = YES;
				CLANG_WARN_COMMA = YES;
				CLANG_WARN_CONSTANT_CONVERSION = YES;
				CLANG_WARN_DIRECT_OBJC_ISA_USAGE = YES_ERROR;
				CLANG_WARN_DOCUMENTATION_COMMENTS = YES;
				CLANG_WARN_EMPTY_BODY = YES;
				CLANG_WARN_ENUM_CONVERSION = YES;
				CLANG_WARN_INFINITE_RECURSION = YES;
				CLANG_WARN_INT_CONVERSION = YES;
				CLANG_WARN_NON_LITERAL_NULL_CONVERSION = YES;
				CLANG_WARN_OBJC_LITERAL_CONVERSION = YES;
				CLANG_WARN_OBJC_ROOT_CLASS = YES_ERROR;
				CLANG_WARN_RANGE_LOOP_ANALYSIS = YES;
				CLANG_WARN_STRICT_PROTOTYPES = YES;
				CLANG_WARN_SUSPICIOUS_MOVE = YES;
				CLANG_WARN_UNGUARDED_AVAILABILITY = YES_AGGRESSIVE;
				CLANG_WARN_UNREACHABLE_CODE = YES;
				CLANG_WARN__DUPLICATE_METHOD_MATCH = YES;
				CODE_SIGN_IDENTITY = "iPhone Developer";
				COPY_PHASE_STRIP = NO;
				DEBUG_INFORMATION_FORMAT = "dwarf-with-dsym";
				ENABLE_NS_ASSERTIONS = NO;
				ENABLE_STRICT_OBJC_MSGSEND = YES;
				GCC_C_LANGUAGE_STANDARD = gnu11;
				GCC_NO_COMMON_BLOCKS = YES;
				GCC_WARN_64_TO_32_BIT_CONVERSION = YES;
				GCC_WARN_ABOUT_RETURN_TYPE = YES_ERROR;
				GCC_WARN_UNDECLARED_SELECTOR = YES;
				GCC_WARN_UNINITIALIZED_AUTOS = YES_AGGRESSIVE;
				GCC_WARN_UNUSED_FUNCTION = YES;
				GCC_WARN_UNUSED_VARIABLE = YES;
				IPHONEOS_DEPLOYMENT_TARGET = 11.2;
				MTL_ENABLE_DEBUG_INFO = NO;
				SDKROOT = iphoneos;
				SWIFT_OPTIMIZATION_LEVEL = "-Owholemodule";
				VALIDATE_PRODUCT = YES;
			};
			name = Release;
		};
		8390CC47257E32B7003AD511 /* Debug */ = {
			isa = XCBuildConfiguration;
			buildSettings = {
				ASSETCATALOG_COMPILER_APPICON_NAME = AppIcon;
				CODE_SIGN_STYLE = Automatic;
				INFOPLIST_FILE = Blind_Test/Info.plist;
				LD_RUNPATH_SEARCH_PATHS = "$(inherited) @executable_path/Frameworks";
				PRODUCT_BUNDLE_IDENTIFIER = "hugo.Blind-Test";
				PRODUCT_NAME = "$(TARGET_NAME)";
				SWIFT_VERSION = 4.0;
				TARGETED_DEVICE_FAMILY = "1,2";
			};
			name = Debug;
		};
		8390CC48257E32B7003AD511 /* Release */ = {
			isa = XCBuildConfiguration;
			buildSettings = {
				ASSETCATALOG_COMPILER_APPICON_NAME = AppIcon;
				CODE_SIGN_STYLE = Automatic;
				INFOPLIST_FILE = Blind_Test/Info.plist;
				LD_RUNPATH_SEARCH_PATHS = "$(inherited) @executable_path/Frameworks";
				PRODUCT_BUNDLE_IDENTIFIER = "hugo.Blind-Test";
				PRODUCT_NAME = "$(TARGET_NAME)";
				SWIFT_VERSION = 4.0;
				TARGETED_DEVICE_FAMILY = "1,2";
			};
			name = Release;
		};
		8390CC4A257E32B7003AD511 /* Debug */ = {
			isa = XCBuildConfiguration;
			buildSettings = {
				ALWAYS_EMBED_SWIFT_STANDARD_LIBRARIES = YES;
				BUNDLE_LOADER = "$(TEST_HOST)";
				CODE_SIGN_STYLE = Automatic;
				INFOPLIST_FILE = Blind_TestTests/Info.plist;
				LD_RUNPATH_SEARCH_PATHS = "$(inherited) @executable_path/Frameworks @loader_path/Frameworks";
				PRODUCT_BUNDLE_IDENTIFIER = "hugo.Blind-TestTests";
				PRODUCT_NAME = "$(TARGET_NAME)";
				SWIFT_VERSION = 4.0;
				TARGETED_DEVICE_FAMILY = "1,2";
				TEST_HOST = "$(BUILT_PRODUCTS_DIR)/Blind_Test.app/Blind_Test";
			};
			name = Debug;
		};
		8390CC4B257E32B7003AD511 /* Release */ = {
			isa = XCBuildConfiguration;
			buildSettings = {
				ALWAYS_EMBED_SWIFT_STANDARD_LIBRARIES = YES;
				BUNDLE_LOADER = "$(TEST_HOST)";
				CODE_SIGN_STYLE = Automatic;
				INFOPLIST_FILE = Blind_TestTests/Info.plist;
				LD_RUNPATH_SEARCH_PATHS = "$(inherited) @executable_path/Frameworks @loader_path/Frameworks";
				PRODUCT_BUNDLE_IDENTIFIER = "hugo.Blind-TestTests";
				PRODUCT_NAME = "$(TARGET_NAME)";
				SWIFT_VERSION = 4.0;
				TARGETED_DEVICE_FAMILY = "1,2";
				TEST_HOST = "$(BUILT_PRODUCTS_DIR)/Blind_Test.app/Blind_Test";
			};
			name = Release;
		};
		8390CC4D257E32B7003AD511 /* Debug */ = {
			isa = XCBuildConfiguration;
			buildSettings = {
				ALWAYS_EMBED_SWIFT_STANDARD_LIBRARIES = YES;
				CODE_SIGN_STYLE = Automatic;
				INFOPLIST_FILE = Blind_TestUITests/Info.plist;
				LD_RUNPATH_SEARCH_PATHS = "$(inherited) @executable_path/Frameworks @loader_path/Frameworks";
				PRODUCT_BUNDLE_IDENTIFIER = "hugo.Blind-TestUITests";
				PRODUCT_NAME = "$(TARGET_NAME)";
				SWIFT_VERSION = 4.0;
				TARGETED_DEVICE_FAMILY = "1,2";
				TEST_TARGET_NAME = Blind_Test;
			};
			name = Debug;
		};
		8390CC4E257E32B7003AD511 /* Release */ = {
			isa = XCBuildConfiguration;
			buildSettings = {
				ALWAYS_EMBED_SWIFT_STANDARD_LIBRARIES = YES;
				CODE_SIGN_STYLE = Automatic;
				INFOPLIST_FILE = Blind_TestUITests/Info.plist;
				LD_RUNPATH_SEARCH_PATHS = "$(inherited) @executable_path/Frameworks @loader_path/Frameworks";
				PRODUCT_BUNDLE_IDENTIFIER = "hugo.Blind-TestUITests";
				PRODUCT_NAME = "$(TARGET_NAME)";
				SWIFT_VERSION = 4.0;
				TARGETED_DEVICE_FAMILY = "1,2";
				TEST_TARGET_NAME = Blind_Test;
			};
			name = Release;
		};
/* End XCBuildConfiguration section */

/* Begin XCConfigurationList section */
		8390CC19257E32B7003AD511 /* Build configuration list for PBXProject "Blind_Test" */ = {
			isa = XCConfigurationList;
			buildConfigurations = (
				8390CC44257E32B7003AD511 /* Debug */,
				8390CC45257E32B7003AD511 /* Release */,
			);
			defaultConfigurationIsVisible = 0;
			defaultConfigurationName = Release;
		};
		8390CC46257E32B7003AD511 /* Build configuration list for PBXNativeTarget "Blind_Test" */ = {
			isa = XCConfigurationList;
			buildConfigurations = (
				8390CC47257E32B7003AD511 /* Debug */,
				8390CC48257E32B7003AD511 /* Release */,
			);
			defaultConfigurationIsVisible = 0;
			defaultConfigurationName = Release;
		};
		8390CC49257E32B7003AD511 /* Build configuration list for PBXNativeTarget "Blind_TestTests" */ = {
			isa = XCConfigurationList;
			buildConfigurations = (
				8390CC4A257E32B7003AD511 /* Debug */,
				8390CC4B257E32B7003AD511 /* Release */,
			);
			defaultConfigurationIsVisible = 0;
			defaultConfigurationName = Release;
		};
		8390CC4C257E32B7003AD511 /* Build configuration list for PBXNativeTarget "Blind_TestUITests" */ = {
			isa = XCConfigurationList;
			buildConfigurations = (
				8390CC4D257E32B7003AD511 /* Debug */,
				8390CC4E257E32B7003AD511 /* Release */,
			);
			defaultConfigurationIsVisible = 0;
			defaultConfigurationName = Release;
		};
/* End XCConfigurationList section */
	};
	rootObject = 8390CC16257E32B7003AD511 /* Project object */;
}
